// !$*UTF8*$!
{
	archiveVersion = 1;
	classes = {
	};
	objectVersion = 46;
	objects = {

/* Begin PBXBuildFile section */
		2189E18C1B6947830071BBE5 /* QuestionViewController.m in Sources */ = {isa = PBXBuildFile; fileRef = 2189E18B1B6947830071BBE5 /* QuestionViewController.m */; };
		82812F5C1B6942E7007B7C0F /* StartViewController.m in Sources */ = {isa = PBXBuildFile; fileRef = 82812F5B1B6942E7007B7C0F /* StartViewController.m */; };
		A92611321B6DEF2B00A38606 /* JeopardyBoard.storyboard in Resources */ = {isa = PBXBuildFile; fileRef = A92611311B6DEF2B00A38606 /* JeopardyBoard.storyboard */; };
		A92611381B6DF20800A38606 /* QuestionsCollectionViewController.m in Sources */ = {isa = PBXBuildFile; fileRef = A92611371B6DF20800A38606 /* QuestionsCollectionViewController.m */; };
		A926113B1B6DF95C00A38606 /* QuestionsCollectionViewCell.m in Sources */ = {isa = PBXBuildFile; fileRef = A926113A1B6DF95C00A38606 /* QuestionsCollectionViewCell.m */; };
		A926113E1B6E873300A38606 /* JeopardyBoardViewController.m in Sources */ = {isa = PBXBuildFile; fileRef = A926113D1B6E873300A38606 /* JeopardyBoardViewController.m */; };
		A936C36A1B6B578B00FBE099 /* JeopardyManager.m in Sources */ = {isa = PBXBuildFile; fileRef = A936C3691B6B578B00FBE099 /* JeopardyManager.m */; };
		A936C36C1B6B6ED300FBE099 /* JeopardyManagerTests.m in Sources */ = {isa = PBXBuildFile; fileRef = A936C36B1B6B6ED300FBE099 /* JeopardyManagerTests.m */; };
		A936C3721B6BBAE400FBE099 /* VictoryScreen.storyboard in Resources */ = {isa = PBXBuildFile; fileRef = A936C3711B6BBAE400FBE099 /* VictoryScreen.storyboard */; };
		A936C3751B6BBB7600FBE099 /* VictoryScreenViewController.m in Sources */ = {isa = PBXBuildFile; fileRef = A936C3741B6BBB7600FBE099 /* VictoryScreenViewController.m */; };
		CA03A7441B66B0D20019B2D4 /* main.m in Sources */ = {isa = PBXBuildFile; fileRef = CA03A7431B66B0D20019B2D4 /* main.m */; };
		CA03A7471B66B0D20019B2D4 /* AppDelegate.m in Sources */ = {isa = PBXBuildFile; fileRef = CA03A7461B66B0D20019B2D4 /* AppDelegate.m */; };
		CA03A74F1B66B0D20019B2D4 /* Images.xcassets in Resources */ = {isa = PBXBuildFile; fileRef = CA03A74E1B66B0D20019B2D4 /* Images.xcassets */; };
		CA03A7521B66B0D20019B2D4 /* LaunchScreen.xib in Resources */ = {isa = PBXBuildFile; fileRef = CA03A7501B66B0D20019B2D4 /* LaunchScreen.xib */; };
		CA03A7691B66B1610019B2D4 /* SetupStoryboard.storyboard in Resources */ = {isa = PBXBuildFile; fileRef = CA03A7671B66B1610019B2D4 /* SetupStoryboard.storyboard */; };
		CA03A76C1B66B17C0019B2D4 /* GameScreen.storyboard in Resources */ = {isa = PBXBuildFile; fileRef = CA03A76A1B66B17C0019B2D4 /* GameScreen.storyboard */; };
		CA03A76F1B66B1B00019B2D4 /* Question.storyboard in Resources */ = {isa = PBXBuildFile; fileRef = CA03A76D1B66B1B00019B2D4 /* Question.storyboard */; };
		CA03A7761B67F36B0019B2D4 /* Question.m in Sources */ = {isa = PBXBuildFile; fileRef = CA03A7751B67F36B0019B2D4 /* Question.m */; };
		CA03A7791B67F4300019B2D4 /* Team.m in Sources */ = {isa = PBXBuildFile; fileRef = CA03A7781B67F4300019B2D4 /* Team.m */; };
		CA03A7841B6A9A2D0019B2D4 /* QuestionData.plist in Resources */ = {isa = PBXBuildFile; fileRef = CA03A7831B6A9A2D0019B2D4 /* QuestionData.plist */; };
		CA03A7871B6AC27F0019B2D4 /* QuestionRetriever.m in Sources */ = {isa = PBXBuildFile; fileRef = CA03A7861B6AC27F0019B2D4 /* QuestionRetriever.m */; };
		D416B57D1B6947D900C176AD /* GameScreenViewController.m in Sources */ = {isa = PBXBuildFile; fileRef = D416B57C1B6947D900C176AD /* GameScreenViewController.m */; };
		D4CDC87C1B712ACB00011085 /* gyparody.ttf in Resources */ = {isa = PBXBuildFile; fileRef = D4CDC87B1B712ACB00011085 /* gyparody.ttf */; };
		D4E4ABEF1B6887000078106D /* JeopordyButton.m in Sources */ = {isa = PBXBuildFile; fileRef = D4E4ABEE1B6887000078106D /* JeopordyButton.m */; };
/* End PBXBuildFile section */

/* Begin PBXContainerItemProxy section */
		CA03A7581B66B0D20019B2D4 /* PBXContainerItemProxy */ = {
			isa = PBXContainerItemProxy;
			containerPortal = CA03A7361B66B0D10019B2D4 /* Project object */;
			proxyType = 1;
			remoteGlobalIDString = CA03A73D1B66B0D20019B2D4;
			remoteInfo = ytjeopardy;
		};
/* End PBXContainerItemProxy section */

/* Begin PBXFileReference section */
		2189E18A1B6947830071BBE5 /* QuestionViewController.h */ = {isa = PBXFileReference; fileEncoding = 4; lastKnownFileType = sourcecode.c.h; path = QuestionViewController.h; sourceTree = "<group>"; };
		2189E18B1B6947830071BBE5 /* QuestionViewController.m */ = {isa = PBXFileReference; fileEncoding = 4; lastKnownFileType = sourcecode.c.objc; path = QuestionViewController.m; sourceTree = "<group>"; };
		82812F5A1B6942E7007B7C0F /* StartViewController.h */ = {isa = PBXFileReference; fileEncoding = 4; lastKnownFileType = sourcecode.c.h; path = StartViewController.h; sourceTree = "<group>"; };
		82812F5B1B6942E7007B7C0F /* StartViewController.m */ = {isa = PBXFileReference; fileEncoding = 4; lastKnownFileType = sourcecode.c.objc; path = StartViewController.m; sourceTree = "<group>"; };
		A92611311B6DEF2B00A38606 /* JeopardyBoard.storyboard */ = {isa = PBXFileReference; fileEncoding = 4; lastKnownFileType = file.storyboard; path = JeopardyBoard.storyboard; sourceTree = "<group>"; };
		A92611361B6DF20800A38606 /* QuestionsCollectionViewController.h */ = {isa = PBXFileReference; fileEncoding = 4; lastKnownFileType = sourcecode.c.h; path = QuestionsCollectionViewController.h; sourceTree = "<group>"; };
		A92611371B6DF20800A38606 /* QuestionsCollectionViewController.m */ = {isa = PBXFileReference; fileEncoding = 4; lastKnownFileType = sourcecode.c.objc; path = QuestionsCollectionViewController.m; sourceTree = "<group>"; };
		A92611391B6DF95C00A38606 /* QuestionsCollectionViewCell.h */ = {isa = PBXFileReference; fileEncoding = 4; lastKnownFileType = sourcecode.c.h; path = QuestionsCollectionViewCell.h; sourceTree = "<group>"; };
		A926113A1B6DF95C00A38606 /* QuestionsCollectionViewCell.m */ = {isa = PBXFileReference; fileEncoding = 4; lastKnownFileType = sourcecode.c.objc; path = QuestionsCollectionViewCell.m; sourceTree = "<group>"; };
		A926113C1B6E873300A38606 /* JeopardyBoardViewController.h */ = {isa = PBXFileReference; fileEncoding = 4; lastKnownFileType = sourcecode.c.h; path = JeopardyBoardViewController.h; sourceTree = "<group>"; };
		A926113D1B6E873300A38606 /* JeopardyBoardViewController.m */ = {isa = PBXFileReference; fileEncoding = 4; lastKnownFileType = sourcecode.c.objc; path = JeopardyBoardViewController.m; sourceTree = "<group>"; };
		A936C3681B6B578B00FBE099 /* JeopardyManager.h */ = {isa = PBXFileReference; fileEncoding = 4; lastKnownFileType = sourcecode.c.h; path = JeopardyManager.h; sourceTree = "<group>"; };
		A936C3691B6B578B00FBE099 /* JeopardyManager.m */ = {isa = PBXFileReference; fileEncoding = 4; lastKnownFileType = sourcecode.c.objc; path = JeopardyManager.m; sourceTree = "<group>"; };
		A936C36B1B6B6ED300FBE099 /* JeopardyManagerTests.m */ = {isa = PBXFileReference; fileEncoding = 4; lastKnownFileType = sourcecode.c.objc; path = JeopardyManagerTests.m; sourceTree = "<group>"; };
		A936C3711B6BBAE400FBE099 /* VictoryScreen.storyboard */ = {isa = PBXFileReference; fileEncoding = 4; lastKnownFileType = file.storyboard; path = VictoryScreen.storyboard; sourceTree = "<group>"; };
		A936C3731B6BBB7600FBE099 /* VictoryScreenViewController.h */ = {isa = PBXFileReference; fileEncoding = 4; lastKnownFileType = sourcecode.c.h; path = VictoryScreenViewController.h; sourceTree = "<group>"; };
		A936C3741B6BBB7600FBE099 /* VictoryScreenViewController.m */ = {isa = PBXFileReference; fileEncoding = 4; lastKnownFileType = sourcecode.c.objc; path = VictoryScreenViewController.m; sourceTree = "<group>"; };
		CA03A73E1B66B0D20019B2D4 /* ytjeopardy.app */ = {isa = PBXFileReference; explicitFileType = wrapper.application; includeInIndex = 0; path = ytjeopardy.app; sourceTree = BUILT_PRODUCTS_DIR; };
		CA03A7421B66B0D20019B2D4 /* Info.plist */ = {isa = PBXFileReference; lastKnownFileType = text.plist.xml; path = Info.plist; sourceTree = "<group>"; };
		CA03A7431B66B0D20019B2D4 /* main.m */ = {isa = PBXFileReference; lastKnownFileType = sourcecode.c.objc; path = main.m; sourceTree = "<group>"; };
		CA03A7451B66B0D20019B2D4 /* AppDelegate.h */ = {isa = PBXFileReference; lastKnownFileType = sourcecode.c.h; path = AppDelegate.h; sourceTree = "<group>"; };
		CA03A7461B66B0D20019B2D4 /* AppDelegate.m */ = {isa = PBXFileReference; lastKnownFileType = sourcecode.c.objc; path = AppDelegate.m; sourceTree = "<group>"; };
		CA03A74E1B66B0D20019B2D4 /* Images.xcassets */ = {isa = PBXFileReference; lastKnownFileType = folder.assetcatalog; path = Images.xcassets; sourceTree = "<group>"; };
		CA03A7511B66B0D20019B2D4 /* Base */ = {isa = PBXFileReference; lastKnownFileType = file.xib; name = Base; path = Base.lproj/LaunchScreen.xib; sourceTree = "<group>"; };
		CA03A7571B66B0D20019B2D4 /* ytjeopardyTests.xctest */ = {isa = PBXFileReference; explicitFileType = wrapper.cfbundle; includeInIndex = 0; path = ytjeopardyTests.xctest; sourceTree = BUILT_PRODUCTS_DIR; };
		CA03A75C1B66B0D20019B2D4 /* Info.plist */ = {isa = PBXFileReference; lastKnownFileType = text.plist.xml; path = Info.plist; sourceTree = "<group>"; };
		CA03A7681B66B1610019B2D4 /* Base */ = {isa = PBXFileReference; lastKnownFileType = file.storyboard; name = Base; path = Base.lproj/SetupStoryboard.storyboard; sourceTree = "<group>"; };
		CA03A76B1B66B17C0019B2D4 /* Base */ = {isa = PBXFileReference; lastKnownFileType = file.storyboard; name = Base; path = Base.lproj/GameScreen.storyboard; sourceTree = "<group>"; };
		CA03A76E1B66B1B00019B2D4 /* Base */ = {isa = PBXFileReference; lastKnownFileType = file.storyboard; name = Base; path = Base.lproj/Question.storyboard; sourceTree = "<group>"; };
		CA03A7741B67F36B0019B2D4 /* Question.h */ = {isa = PBXFileReference; fileEncoding = 4; lastKnownFileType = sourcecode.c.h; path = Question.h; sourceTree = "<group>"; };
		CA03A7751B67F36B0019B2D4 /* Question.m */ = {isa = PBXFileReference; fileEncoding = 4; lastKnownFileType = sourcecode.c.objc; path = Question.m; sourceTree = "<group>"; };
		CA03A7771B67F4300019B2D4 /* Team.h */ = {isa = PBXFileReference; fileEncoding = 4; lastKnownFileType = sourcecode.c.h; path = Team.h; sourceTree = "<group>"; };
		CA03A7781B67F4300019B2D4 /* Team.m */ = {isa = PBXFileReference; fileEncoding = 4; lastKnownFileType = sourcecode.c.objc; path = Team.m; sourceTree = "<group>"; };
		CA03A7831B6A9A2D0019B2D4 /* QuestionData.plist */ = {isa = PBXFileReference; fileEncoding = 4; lastKnownFileType = text.plist.xml; path = QuestionData.plist; sourceTree = "<group>"; };
		CA03A7851B6AC27F0019B2D4 /* QuestionRetriever.h */ = {isa = PBXFileReference; fileEncoding = 4; lastKnownFileType = sourcecode.c.h; path = QuestionRetriever.h; sourceTree = "<group>"; };
		CA03A7861B6AC27F0019B2D4 /* QuestionRetriever.m */ = {isa = PBXFileReference; fileEncoding = 4; lastKnownFileType = sourcecode.c.objc; path = QuestionRetriever.m; sourceTree = "<group>"; };
		D416B57B1B6947D900C176AD /* GameScreenViewController.h */ = {isa = PBXFileReference; fileEncoding = 4; lastKnownFileType = sourcecode.c.h; path = GameScreenViewController.h; sourceTree = "<group>"; };
		D416B57C1B6947D900C176AD /* GameScreenViewController.m */ = {isa = PBXFileReference; fileEncoding = 4; lastKnownFileType = sourcecode.c.objc; path = GameScreenViewController.m; sourceTree = "<group>"; };
		D4CDC87B1B712ACB00011085 /* gyparody.ttf */ = {isa = PBXFileReference; lastKnownFileType = file; name = gyparody.ttf; path = ../gyparody.ttf; sourceTree = "<group>"; };
		D4E4ABED1B6887000078106D /* JeopordyButton.h */ = {isa = PBXFileReference; fileEncoding = 4; lastKnownFileType = sourcecode.c.h; path = JeopordyButton.h; sourceTree = "<group>"; };
		D4E4ABEE1B6887000078106D /* JeopordyButton.m */ = {isa = PBXFileReference; fileEncoding = 4; lastKnownFileType = sourcecode.c.objc; path = JeopordyButton.m; sourceTree = "<group>"; };
/* End PBXFileReference section */

/* Begin PBXFrameworksBuildPhase section */
		CA03A73B1B66B0D20019B2D4 /* Frameworks */ = {
			isa = PBXFrameworksBuildPhase;
			buildActionMask = 2147483647;
			files = (
			);
			runOnlyForDeploymentPostprocessing = 0;
		};
		CA03A7541B66B0D20019B2D4 /* Frameworks */ = {
			isa = PBXFrameworksBuildPhase;
			buildActionMask = 2147483647;
			files = (
			);
			runOnlyForDeploymentPostprocessing = 0;
		};
/* End PBXFrameworksBuildPhase section */

/* Begin PBXGroup section */
		CA03A7351B66B0D10019B2D4 = {
			isa = PBXGroup;
			children = (
				CA03A7401B66B0D20019B2D4 /* ytjeopardy */,
				CA03A75A1B66B0D20019B2D4 /* ytjeopardyTests */,
				CA03A73F1B66B0D20019B2D4 /* Products */,
			);
			sourceTree = "<group>";
		};
		CA03A73F1B66B0D20019B2D4 /* Products */ = {
			isa = PBXGroup;
			children = (
				CA03A73E1B66B0D20019B2D4 /* ytjeopardy.app */,
				CA03A7571B66B0D20019B2D4 /* ytjeopardyTests.xctest */,
			);
			name = Products;
			sourceTree = "<group>";
		};
		CA03A7401B66B0D20019B2D4 /* ytjeopardy */ = {
			isa = PBXGroup;
			children = (
				CA03A7451B66B0D20019B2D4 /* AppDelegate.h */,
				CA03A7461B66B0D20019B2D4 /* AppDelegate.m */,
				CA03A74E1B66B0D20019B2D4 /* Images.xcassets */,
				CA03A7501B66B0D20019B2D4 /* LaunchScreen.xib */,
				CA03A7411B66B0D20019B2D4 /* Supporting Files */,
				CA03A7671B66B1610019B2D4 /* SetupStoryboard.storyboard */,
				82812F5A1B6942E7007B7C0F /* StartViewController.h */,
				2189E18A1B6947830071BBE5 /* QuestionViewController.h */,
				2189E18B1B6947830071BBE5 /* QuestionViewController.m */,
				82812F5B1B6942E7007B7C0F /* StartViewController.m */,
				CA03A76A1B66B17C0019B2D4 /* GameScreen.storyboard */,
				D4E4ABED1B6887000078106D /* JeopordyButton.h */,
				D4E4ABEE1B6887000078106D /* JeopordyButton.m */,
				CA03A76D1B66B1B00019B2D4 /* Question.storyboard */,
				CA03A7741B67F36B0019B2D4 /* Question.h */,
				CA03A7751B67F36B0019B2D4 /* Question.m */,
				CA03A7771B67F4300019B2D4 /* Team.h */,
				CA03A7781B67F4300019B2D4 /* Team.m */,
				D416B57B1B6947D900C176AD /* GameScreenViewController.h */,
				D416B57C1B6947D900C176AD /* GameScreenViewController.m */,
				CA03A7851B6AC27F0019B2D4 /* QuestionRetriever.h */,
				CA03A7861B6AC27F0019B2D4 /* QuestionRetriever.m */,
				A936C3681B6B578B00FBE099 /* JeopardyManager.h */,
				A936C3691B6B578B00FBE099 /* JeopardyManager.m */,
				A936C3711B6BBAE400FBE099 /* VictoryScreen.storyboard */,
				A936C3731B6BBB7600FBE099 /* VictoryScreenViewController.h */,
				A936C3741B6BBB7600FBE099 /* VictoryScreenViewController.m */,
				A92611311B6DEF2B00A38606 /* JeopardyBoard.storyboard */,
				A926113C1B6E873300A38606 /* JeopardyBoardViewController.h */,
				A926113D1B6E873300A38606 /* JeopardyBoardViewController.m */,
				A92611361B6DF20800A38606 /* QuestionsCollectionViewController.h */,
				A92611371B6DF20800A38606 /* QuestionsCollectionViewController.m */,
				A92611391B6DF95C00A38606 /* QuestionsCollectionViewCell.h */,
				A926113A1B6DF95C00A38606 /* QuestionsCollectionViewCell.m */,
			);
			path = ytjeopardy;
			sourceTree = "<group>";
		};
		CA03A7411B66B0D20019B2D4 /* Supporting Files */ = {
			isa = PBXGroup;
			children = (
				D4CDC87B1B712ACB00011085 /* gyparody.ttf */,
				CA03A7421B66B0D20019B2D4 /* Info.plist */,
				CA03A7431B66B0D20019B2D4 /* main.m */,
				CA03A7831B6A9A2D0019B2D4 /* QuestionData.plist */,
			);
			name = "Supporting Files";
			sourceTree = "<group>";
		};
		CA03A75A1B66B0D20019B2D4 /* ytjeopardyTests */ = {
			isa = PBXGroup;
			children = (
				A936C36B1B6B6ED300FBE099 /* JeopardyManagerTests.m */,
				CA03A75B1B66B0D20019B2D4 /* Supporting Files */,
			);
			path = ytjeopardyTests;
			sourceTree = "<group>";
		};
		CA03A75B1B66B0D20019B2D4 /* Supporting Files */ = {
			isa = PBXGroup;
			children = (
				CA03A75C1B66B0D20019B2D4 /* Info.plist */,
			);
			name = "Supporting Files";
			sourceTree = "<group>";
		};
/* End PBXGroup section */

/* Begin PBXNativeTarget section */
		CA03A73D1B66B0D20019B2D4 /* ytjeopardy */ = {
			isa = PBXNativeTarget;
			buildConfigurationList = CA03A7611B66B0D20019B2D4 /* Build configuration list for PBXNativeTarget "ytjeopardy" */;
			buildPhases = (
				CA03A73A1B66B0D20019B2D4 /* Sources */,
				CA03A73B1B66B0D20019B2D4 /* Frameworks */,
				CA03A73C1B66B0D20019B2D4 /* Resources */,
			);
			buildRules = (
			);
			dependencies = (
			);
			name = ytjeopardy;
			productName = ytjeopardy;
			productReference = CA03A73E1B66B0D20019B2D4 /* ytjeopardy.app */;
			productType = "com.apple.product-type.application";
		};
		CA03A7561B66B0D20019B2D4 /* ytjeopardyTests */ = {
			isa = PBXNativeTarget;
			buildConfigurationList = CA03A7641B66B0D20019B2D4 /* Build configuration list for PBXNativeTarget "ytjeopardyTests" */;
			buildPhases = (
				CA03A7531B66B0D20019B2D4 /* Sources */,
				CA03A7541B66B0D20019B2D4 /* Frameworks */,
				CA03A7551B66B0D20019B2D4 /* Resources */,
			);
			buildRules = (
			);
			dependencies = (
				CA03A7591B66B0D20019B2D4 /* PBXTargetDependency */,
			);
			name = ytjeopardyTests;
			productName = ytjeopardyTests;
			productReference = CA03A7571B66B0D20019B2D4 /* ytjeopardyTests.xctest */;
			productType = "com.apple.product-type.bundle.unit-test";
		};
/* End PBXNativeTarget section */

/* Begin PBXProject section */
		CA03A7361B66B0D10019B2D4 /* Project object */ = {
			isa = PBXProject;
			attributes = {
				LastUpgradeCheck = 0640;
				ORGANIZATIONNAME = bk;
				TargetAttributes = {
					CA03A73D1B66B0D20019B2D4 = {
						CreatedOnToolsVersion = 6.4;
					};
					CA03A7561B66B0D20019B2D4 = {
						CreatedOnToolsVersion = 6.4;
						TestTargetID = CA03A73D1B66B0D20019B2D4;
					};
				};
			};
			buildConfigurationList = CA03A7391B66B0D10019B2D4 /* Build configuration list for PBXProject "ytjeopardy" */;
			compatibilityVersion = "Xcode 3.2";
			developmentRegion = English;
			hasScannedForEncodings = 0;
			knownRegions = (
				en,
				Base,
			);
			mainGroup = CA03A7351B66B0D10019B2D4;
			productRefGroup = CA03A73F1B66B0D20019B2D4 /* Products */;
			projectDirPath = "";
			projectRoot = "";
			targets = (
				CA03A73D1B66B0D20019B2D4 /* ytjeopardy */,
				CA03A7561B66B0D20019B2D4 /* ytjeopardyTests */,
			);
		};
/* End PBXProject section */

/* Begin PBXResourcesBuildPhase section */
		CA03A73C1B66B0D20019B2D4 /* Resources */ = {
			isa = PBXResourcesBuildPhase;
			buildActionMask = 2147483647;
			files = (
				CA03A7521B66B0D20019B2D4 /* LaunchScreen.xib in Resources */,
				D4CDC87C1B712ACB00011085 /* gyparody.ttf in Resources */,
				A92611321B6DEF2B00A38606 /* JeopardyBoard.storyboard in Resources */,
				CA03A76F1B66B1B00019B2D4 /* Question.storyboard in Resources */,
				CA03A7841B6A9A2D0019B2D4 /* QuestionData.plist in Resources */,
				CA03A76C1B66B17C0019B2D4 /* GameScreen.storyboard in Resources */,
				CA03A74F1B66B0D20019B2D4 /* Images.xcassets in Resources */,
				CA03A7691B66B1610019B2D4 /* SetupStoryboard.storyboard in Resources */,
				A936C3721B6BBAE400FBE099 /* VictoryScreen.storyboard in Resources */,
			);
			runOnlyForDeploymentPostprocessing = 0;
		};
		CA03A7551B66B0D20019B2D4 /* Resources */ = {
			isa = PBXResourcesBuildPhase;
			buildActionMask = 2147483647;
			files = (
			);
			runOnlyForDeploymentPostprocessing = 0;
		};
/* End PBXResourcesBuildPhase section */

/* Begin PBXSourcesBuildPhase section */
		CA03A73A1B66B0D20019B2D4 /* Sources */ = {
			isa = PBXSourcesBuildPhase;
			buildActionMask = 2147483647;
			files = (
				2189E18C1B6947830071BBE5 /* QuestionViewController.m in Sources */,
				CA03A7791B67F4300019B2D4 /* Team.m in Sources */,
				CA03A7761B67F36B0019B2D4 /* Question.m in Sources */,
				A936C36A1B6B578B00FBE099 /* JeopardyManager.m in Sources */,
				82812F5C1B6942E7007B7C0F /* StartViewController.m in Sources */,
				CA03A7471B66B0D20019B2D4 /* AppDelegate.m in Sources */,
				A936C3751B6BBB7600FBE099 /* VictoryScreenViewController.m in Sources */,
				CA03A7871B6AC27F0019B2D4 /* QuestionRetriever.m in Sources */,
				A92611381B6DF20800A38606 /* QuestionsCollectionViewController.m in Sources */,
				CA03A7441B66B0D20019B2D4 /* main.m in Sources */,
				D416B57D1B6947D900C176AD /* GameScreenViewController.m in Sources */,
				A926113B1B6DF95C00A38606 /* QuestionsCollectionViewCell.m in Sources */,
				D4E4ABEF1B6887000078106D /* JeopordyButton.m in Sources */,
				A926113E1B6E873300A38606 /* JeopardyBoardViewController.m in Sources */,
			);
			runOnlyForDeploymentPostprocessing = 0;
		};
		CA03A7531B66B0D20019B2D4 /* Sources */ = {
			isa = PBXSourcesBuildPhase;
			buildActionMask = 2147483647;
			files = (
				A936C36C1B6B6ED300FBE099 /* JeopardyManagerTests.m in Sources */,
			);
			runOnlyForDeploymentPostprocessing = 0;
		};
/* End PBXSourcesBuildPhase section */

/* Begin PBXTargetDependency section */
		CA03A7591B66B0D20019B2D4 /* PBXTargetDependency */ = {
			isa = PBXTargetDependency;
			target = CA03A73D1B66B0D20019B2D4 /* ytjeopardy */;
			targetProxy = CA03A7581B66B0D20019B2D4 /* PBXContainerItemProxy */;
		};
/* End PBXTargetDependency section */

/* Begin PBXVariantGroup section */
		CA03A7501B66B0D20019B2D4 /* LaunchScreen.xib */ = {
			isa = PBXVariantGroup;
			children = (
				CA03A7511B66B0D20019B2D4 /* Base */,
			);
			name = LaunchScreen.xib;
			sourceTree = "<group>";
		};
		CA03A7671B66B1610019B2D4 /* SetupStoryboard.storyboard */ = {
			isa = PBXVariantGroup;
			children = (
				CA03A7681B66B1610019B2D4 /* Base */,
			);
			name = SetupStoryboard.storyboard;
			sourceTree = "<group>";
		};
		CA03A76A1B66B17C0019B2D4 /* GameScreen.storyboard */ = {
			isa = PBXVariantGroup;
			children = (
				CA03A76B1B66B17C0019B2D4 /* Base */,
			);
			name = GameScreen.storyboard;
			sourceTree = "<group>";
		};
		CA03A76D1B66B1B00019B2D4 /* Question.storyboard */ = {
			isa = PBXVariantGroup;
			children = (
				CA03A76E1B66B1B00019B2D4 /* Base */,
			);
			name = Question.storyboard;
			sourceTree = "<group>";
		};
/* End PBXVariantGroup section */

/* Begin XCBuildConfiguration section */
		CA03A75F1B66B0D20019B2D4 /* Debug */ = {
			isa = XCBuildConfiguration;
			buildSettings = {
				ALWAYS_SEARCH_USER_PATHS = NO;
				CLANG_CXX_LANGUAGE_STANDARD = "gnu++0x";
				CLANG_CXX_LIBRARY = "libc++";
				CLANG_ENABLE_MODULES = YES;
				CLANG_ENABLE_OBJC_ARC = YES;
				CLANG_WARN_BOOL_CONVERSION = YES;
				CLANG_WARN_CONSTANT_CONVERSION = YES;
				CLANG_WARN_DIRECT_OBJC_ISA_USAGE = YES_ERROR;
				CLANG_WARN_EMPTY_BODY = YES;
				CLANG_WARN_ENUM_CONVERSION = YES;
				CLANG_WARN_INT_CONVERSION = YES;
				CLANG_WARN_OBJC_ROOT_CLASS = YES_ERROR;
				CLANG_WARN_UNREACHABLE_CODE = YES;
				CLANG_WARN__DUPLICATE_METHOD_MATCH = YES;
				"CODE_SIGN_IDENTITY[sdk=iphoneos*]" = "iPhone Developer";
				COPY_PHASE_STRIP = NO;
				DEBUG_INFORMATION_FORMAT = "dwarf-with-dsym";
				ENABLE_STRICT_OBJC_MSGSEND = YES;
				GCC_C_LANGUAGE_STANDARD = gnu99;
				GCC_DYNAMIC_NO_PIC = NO;
				GCC_NO_COMMON_BLOCKS = YES;
				GCC_OPTIMIZATION_LEVEL = 0;
				GCC_PREPROCESSOR_DEFINITIONS = (
					"DEBUG=1",
					"$(inherited)",
				);
				GCC_SYMBOLS_PRIVATE_EXTERN = NO;
				GCC_WARN_64_TO_32_BIT_CONVERSION = YES;
				GCC_WARN_ABOUT_RETURN_TYPE = YES_ERROR;
				GCC_WARN_UNDECLARED_SELECTOR = YES;
				GCC_WARN_UNINITIALIZED_AUTOS = YES_AGGRESSIVE;
				GCC_WARN_UNUSED_FUNCTION = YES;
				GCC_WARN_UNUSED_VARIABLE = YES;
				IPHONEOS_DEPLOYMENT_TARGET = 8.4;
				MTL_ENABLE_DEBUG_INFO = YES;
				ONLY_ACTIVE_ARCH = YES;
				SDKROOT = iphoneos;
				TARGETED_DEVICE_FAMILY = 2;
			};
			name = Debug;
		};
		CA03A7601B66B0D20019B2D4 /* Release */ = {
			isa = XCBuildConfiguration;
			buildSettings = {
				ALWAYS_SEARCH_USER_PATHS = NO;
				CLANG_CXX_LANGUAGE_STANDARD = "gnu++0x";
				CLANG_CXX_LIBRARY = "libc++";
				CLANG_ENABLE_MODULES = YES;
				CLANG_ENABLE_OBJC_ARC = YES;
				CLANG_WARN_BOOL_CONVERSION = YES;
				CLANG_WARN_CONSTANT_CONVERSION = YES;
				CLANG_WARN_DIRECT_OBJC_ISA_USAGE = YES_ERROR;
				CLANG_WARN_EMPTY_BODY = YES;
				CLANG_WARN_ENUM_CONVERSION = YES;
				CLANG_WARN_INT_CONVERSION = YES;
				CLANG_WARN_OBJC_ROOT_CLASS = YES_ERROR;
				CLANG_WARN_UNREACHABLE_CODE = YES;
				CLANG_WARN__DUPLICATE_METHOD_MATCH = YES;
				"CODE_SIGN_IDENTITY[sdk=iphoneos*]" = "iPhone Developer";
				COPY_PHASE_STRIP = NO;
				DEBUG_INFORMATION_FORMAT = "dwarf-with-dsym";
				ENABLE_NS_ASSERTIONS = NO;
				ENABLE_STRICT_OBJC_MSGSEND = YES;
				GCC_C_LANGUAGE_STANDARD = gnu99;
				GCC_NO_COMMON_BLOCKS = YES;
				GCC_WARN_64_TO_32_BIT_CONVERSION = YES;
				GCC_WARN_ABOUT_RETURN_TYPE = YES_ERROR;
				GCC_WARN_UNDECLARED_SELECTOR = YES;
				GCC_WARN_UNINITIALIZED_AUTOS = YES_AGGRESSIVE;
				GCC_WARN_UNUSED_FUNCTION = YES;
				GCC_WARN_UNUSED_VARIABLE = YES;
				IPHONEOS_DEPLOYMENT_TARGET = 8.4;
				MTL_ENABLE_DEBUG_INFO = NO;
				SDKROOT = iphoneos;
				TARGETED_DEVICE_FAMILY = 2;
				VALIDATE_PRODUCT = YES;
			};
			name = Release;
		};
		CA03A7621B66B0D20019B2D4 /* Debug */ = {
			isa = XCBuildConfiguration;
			buildSettings = {
				ASSETCATALOG_COMPILER_APPICON_NAME = AppIcon;
				INFOPLIST_FILE = ytjeopardy/Info.plist;
				LD_RUNPATH_SEARCH_PATHS = "$(inherited) @executable_path/Frameworks";
				PRODUCT_NAME = "$(TARGET_NAME)";
			};
			name = Debug;
		};
		CA03A7631B66B0D20019B2D4 /* Release */ = {
			isa = XCBuildConfiguration;
			buildSettings = {
				ASSETCATALOG_COMPILER_APPICON_NAME = AppIcon;
				INFOPLIST_FILE = ytjeopardy/Info.plist;
				LD_RUNPATH_SEARCH_PATHS = "$(inherited) @executable_path/Frameworks";
				PRODUCT_NAME = "$(TARGET_NAME)";
			};
			name = Release;
		};
		CA03A7651B66B0D20019B2D4 /* Debug */ = {
			isa = XCBuildConfiguration;
			buildSettings = {
				BUNDLE_LOADER = "$(TEST_HOST)";
				FRAMEWORK_SEARCH_PATHS = (
					"$(SDKROOT)/Developer/Library/Frameworks",
					"$(inherited)",
				);
				GCC_PREPROCESSOR_DEFINITIONS = (
					"DEBUG=1",
					"$(inherited)",
				);
				INFOPLIST_FILE = ytjeopardyTests/Info.plist;
				LD_RUNPATH_SEARCH_PATHS = "$(inherited) @executable_path/Frameworks @loader_path/Frameworks";
				PRODUCT_NAME = "$(TARGET_NAME)";
				TEST_HOST = "$(BUILT_PRODUCTS_DIR)/ytjeopardy.app/ytjeopardy";
			};
			name = Debug;
		};
		CA03A7661B66B0D20019B2D4 /* Release */ = {
			isa = XCBuildConfiguration;
			buildSettings = {
				BUNDLE_LOADER = "$(TEST_HOST)";
				FRAMEWORK_SEARCH_PATHS = (
					"$(SDKROOT)/Developer/Library/Frameworks",
					"$(inherited)",
				);
				INFOPLIST_FILE = ytjeopardyTests/Info.plist;
				LD_RUNPATH_SEARCH_PATHS = "$(inherited) @executable_path/Frameworks @loader_path/Frameworks";
				PRODUCT_NAME = "$(TARGET_NAME)";
				TEST_HOST = "$(BUILT_PRODUCTS_DIR)/ytjeopardy.app/ytjeopardy";
			};
			name = Release;
		};
/* End XCBuildConfiguration section */

/* Begin XCConfigurationList section */
		CA03A7391B66B0D10019B2D4 /* Build configuration list for PBXProject "ytjeopardy" */ = {
			isa = XCConfigurationList;
			buildConfigurations = (
				CA03A75F1B66B0D20019B2D4 /* Debug */,
				CA03A7601B66B0D20019B2D4 /* Release */,
			);
			defaultConfigurationIsVisible = 0;
			defaultConfigurationName = Release;
		};
		CA03A7611B66B0D20019B2D4 /* Build configuration list for PBXNativeTarget "ytjeopardy" */ = {
			isa = XCConfigurationList;
			buildConfigurations = (
				CA03A7621B66B0D20019B2D4 /* Debug */,
				CA03A7631B66B0D20019B2D4 /* Release */,
			);
			defaultConfigurationIsVisible = 0;
			defaultConfigurationName = Release;
		};
		CA03A7641B66B0D20019B2D4 /* Build configuration list for PBXNativeTarget "ytjeopardyTests" */ = {
			isa = XCConfigurationList;
			buildConfigurations = (
				CA03A7651B66B0D20019B2D4 /* Debug */,
				CA03A7661B66B0D20019B2D4 /* Release */,
			);
			defaultConfigurationIsVisible = 0;
			defaultConfigurationName = Release;
		};
/* End XCConfigurationList section */
	};
	rootObject = CA03A7361B66B0D10019B2D4 /* Project object */;
}
